
Microsoft Visual Studio Solution File, Format Version 12.00
# Visual Studio 15
VisualStudioVersion = 15.0.27428.2037
MinimumVisualStudioVersion = 10.0.40219.1
Project("{FAE04EC0-301F-11D3-BF4B-00C04F79EFBC}") = "ClientWebApp", "ClientWebApp\ClientWebApp.csproj", "{0A09D835-8BB9-4DDA-ABBA-206E8EB385B0}"
EndProject
Project("{FAE04EC0-301F-11D3-BF4B-00C04F79EFBC}") = "ClientWebApp.Tests", "ClientWebApp.Tests\ClientWebApp.Tests.csproj", "{6401838F-CE2C-490D-A597-91B56942B05B}"
EndProject
Project("{FAE04EC0-301F-11D3-BF4B-00C04F79EFBC}") = "BusinessLayer", "..\BusinessLayer\BusinessLayer.csproj", "{28C1B35D-5BA3-41B8-BBB2-A3DE1216A2A0}"
EndProject
Project("{FAE04EC0-301F-11D3-BF4B-00C04F79EFBC}") = "DataLayer", "..\DataLayer\DataLayer.csproj", "{26907A2F-5FAE-440C-81FD-4D36EAC1DAE8}"
EndProject
Project("{FAE04EC0-301F-11D3-BF4B-00C04F79EFBC}") = "UnitTestProjectBusiness", "UnitTestProjectBusiness\UnitTestProjectBusiness.csproj", "{C6D7B6FE-2C21-4E48-91D3-A78A3BC9BD30}"
EndProject
Global
	GlobalSection(SolutionConfigurationPlatforms) = preSolution
		Debug|Any CPU = Debug|Any CPU
		Release|Any CPU = Release|Any CPU
	EndGlobalSection
	GlobalSection(ProjectConfigurationPlatforms) = postSolution
		{0A09D835-8BB9-4DDA-ABBA-206E8EB385B0}.Debug|Any CPU.ActiveCfg = Debug|Any CPU
		{0A09D835-8BB9-4DDA-ABBA-206E8EB385B0}.Debug|Any CPU.Build.0 = Debug|Any CPU
		{0A09D835-8BB9-4DDA-ABBA-206E8EB385B0}.Release|Any CPU.ActiveCfg = Release|Any CPU
		{0A09D835-8BB9-4DDA-ABBA-206E8EB385B0}.Release|Any CPU.Build.0 = Release|Any CPU
		{6401838F-CE2C-490D-A597-91B56942B05B}.Debug|Any CPU.ActiveCfg = Debug|Any CPU
		{6401838F-CE2C-490D-A597-91B56942B05B}.Debug|Any CPU.Build.0 = Debug|Any CPU
		{6401838F-CE2C-490D-A597-91B56942B05B}.Release|Any CPU.ActiveCfg = Release|Any CPU
		{6401838F-CE2C-490D-A597-91B56942B05B}.Release|Any CPU.Build.0 = Release|Any CPU
		{28C1B35D-5BA3-41B8-BBB2-A3DE1216A2A0}.Debug|Any CPU.ActiveCfg = Debug|Any CPU
		{28C1B35D-5BA3-41B8-BBB2-A3DE1216A2A0}.Debug|Any CPU.Build.0 = Debug|Any CPU
		{28C1B35D-5BA3-41B8-BBB2-A3DE1216A2A0}.Release|Any CPU.ActiveCfg = Release|Any CPU
		{28C1B35D-5BA3-41B8-BBB2-A3DE1216A2A0}.Release|Any CPU.Build.0 = Release|Any CPU
		{26907A2F-5FAE-440C-81FD-4D36EAC1DAE8}.Debug|Any CPU.ActiveCfg = Debug|Any CPU
		{26907A2F-5FAE-440C-81FD-4D36EAC1DAE8}.Debug|Any CPU.Build.0 = Debug|Any CPU
		{26907A2F-5FAE-440C-81FD-4D36EAC1DAE8}.Release|Any CPU.ActiveCfg = Release|Any CPU
		{26907A2F-5FAE-440C-81FD-4D36EAC1DAE8}.Release|Any CPU.Build.0 = Release|Any CPU
		{C6D7B6FE-2C21-4E48-91D3-A78A3BC9BD30}.Debug|Any CPU.ActiveCfg = Debug|Any CPU
		{C6D7B6FE-2C21-4E48-91D3-A78A3BC9BD30}.Debug|Any CPU.Build.0 = Debug|Any CPU
		{C6D7B6FE-2C21-4E48-91D3-A78A3BC9BD30}.Release|Any CPU.ActiveCfg = Release|Any CPU
		{C6D7B6FE-2C21-4E48-91D3-A78A3BC9BD30}.Release|Any CPU.Build.0 = Release|Any CPU
	EndGlobalSection
	GlobalSection(SolutionProperties) = preSolution
		HideSolutionNode = FALSE
	EndGlobalSection
	GlobalSection(ExtensibilityGlobals) = postSolution
		SolutionGuid = {00D21EA6-1207-444F-B8B1-F9886A2061FF}
	EndGlobalSection
EndGlobal
